// !$*UTF8*$!
{
	archiveVersion = 1;
	classes = {
	};
	objectVersion = 51;
	objects = {

/* Begin PBXBuildFile section */
		7FB6533325796AE2000663EA /* AppDelegate.swift in Sources */ = {isa = PBXBuildFile; fileRef = 7FB6533225796AE2000663EA /* AppDelegate.swift */; };
		7FB6533C25796AE4000663EA /* Assets.xcassets in Resources */ = {isa = PBXBuildFile; fileRef = 7FB6533B25796AE4000663EA /* Assets.xcassets */; };
		7FB6533F25796AE4000663EA /* LaunchScreen.storyboard in Resources */ = {isa = PBXBuildFile; fileRef = 7FB6533D25796AE4000663EA /* LaunchScreen.storyboard */; };
		7FB6534A25796AE4000663EA /* SampleAnimationTests.swift in Sources */ = {isa = PBXBuildFile; fileRef = 7FB6534925796AE4000663EA /* SampleAnimationTests.swift */; };
		7FB6535525796AE4000663EA /* SampleAnimationUITests.swift in Sources */ = {isa = PBXBuildFile; fileRef = 7FB6535425796AE4000663EA /* SampleAnimationUITests.swift */; };
		7FB6536625796B45000663EA /* MainViewController.swift in Sources */ = {isa = PBXBuildFile; fileRef = 7FB6536525796B45000663EA /* MainViewController.swift */; };
		7FB6536F25796CCB000663EA /* UITableViewController+Extensions.swift in Sources */ = {isa = PBXBuildFile; fileRef = 7FB6536E25796CCB000663EA /* UITableViewController+Extensions.swift */; };
		7FB6537725796CDE000663EA /* UITableViewCell+Extensions.swift in Sources */ = {isa = PBXBuildFile; fileRef = 7FB6537625796CDE000663EA /* UITableViewCell+Extensions.swift */; };
		7FB6538025796EF6000663EA /* MainViewCell.swift in Sources */ = {isa = PBXBuildFile; fileRef = 7FB6537F25796EF6000663EA /* MainViewCell.swift */; };
		7FB653922579741F000663EA /* MainCellViewModel.swift in Sources */ = {isa = PBXBuildFile; fileRef = 7FB653912579741F000663EA /* MainCellViewModel.swift */; };
		7FB6539725797472000663EA /* UIView+Extensions.swift in Sources */ = {isa = PBXBuildFile; fileRef = 7FB6539625797472000663EA /* UIView+Extensions.swift */; };
		7FB653AF25798D02000663EA /* PresentAnimation.swift in Sources */ = {isa = PBXBuildFile; fileRef = 7FB653AE25798D02000663EA /* PresentAnimation.swift */; };
		7FB653B52579938E000663EA /* DetailsController.swift in Sources */ = {isa = PBXBuildFile; fileRef = 7FB653B42579938E000663EA /* DetailsController.swift */; };
		7FB653BE2579AA29000663EA /* AvatarView.swift in Sources */ = {isa = PBXBuildFile; fileRef = 7FB653BD2579AA29000663EA /* AvatarView.swift */; };
		7FB653C9257A14F0000663EA /* RandomViewModelsGenerator.swift in Sources */ = {isa = PBXBuildFile; fileRef = 7FB653C8257A14F0000663EA /* RandomViewModelsGenerator.swift */; };
		7FB653FD257A5822000663EA /* ActivityView.swift in Sources */ = {isa = PBXBuildFile; fileRef = 7FB653FC257A5822000663EA /* ActivityView.swift */; };
		8EC95D9BFD144866E8683CFF /* Pods_SampleAnimation.framework in Frameworks */ = {isa = PBXBuildFile; fileRef = 4D1337A73710752A44EB5721 /* Pods_SampleAnimation.framework */; };
		92EEBDB748E81D9A899DE873 /* Pods_SampleAnimationTests.framework in Frameworks */ = {isa = PBXBuildFile; fileRef = D7C8A8846C4C99D636AC1B67 /* Pods_SampleAnimationTests.framework */; };
		ACACF2D2971794BE22798FBF /* Pods_SampleAnimation_SampleAnimationUITests.framework in Frameworks */ = {isa = PBXBuildFile; fileRef = 83B246472E7FDB777B2BFB57 /* Pods_SampleAnimation_SampleAnimationUITests.framework */; };
/* End PBXBuildFile section */

/* Begin PBXContainerItemProxy section */
		7FB6534625796AE4000663EA /* PBXContainerItemProxy */ = {
			isa = PBXContainerItemProxy;
			containerPortal = 7FB6532725796AE2000663EA /* Project object */;
			proxyType = 1;
			remoteGlobalIDString = 7FB6532E25796AE2000663EA;
			remoteInfo = SampleAnimation;
		};
		7FB6535125796AE4000663EA /* PBXContainerItemProxy */ = {
			isa = PBXContainerItemProxy;
			containerPortal = 7FB6532725796AE2000663EA /* Project object */;
			proxyType = 1;
			remoteGlobalIDString = 7FB6532E25796AE2000663EA;
			remoteInfo = SampleAnimation;
		};
/* End PBXContainerItemProxy section */

/* Begin PBXFileReference section */
		4D1337A73710752A44EB5721 /* Pods_SampleAnimation.framework */ = {isa = PBXFileReference; explicitFileType = wrapper.framework; includeInIndex = 0; path = Pods_SampleAnimation.framework; sourceTree = BUILT_PRODUCTS_DIR; };
		63B52696CF50513E70E8E8F2 /* Pods-SampleAnimation-SampleAnimationUITests.debug.xcconfig */ = {isa = PBXFileReference; includeInIndex = 1; lastKnownFileType = text.xcconfig; name = "Pods-SampleAnimation-SampleAnimationUITests.debug.xcconfig"; path = "Target Support Files/Pods-SampleAnimation-SampleAnimationUITests/Pods-SampleAnimation-SampleAnimationUITests.debug.xcconfig"; sourceTree = "<group>"; };
		7F7BC718CF6BCAB121B8A71A /* Pods-SampleAnimation-SampleAnimationUITests.release.xcconfig */ = {isa = PBXFileReference; includeInIndex = 1; lastKnownFileType = text.xcconfig; name = "Pods-SampleAnimation-SampleAnimationUITests.release.xcconfig"; path = "Target Support Files/Pods-SampleAnimation-SampleAnimationUITests/Pods-SampleAnimation-SampleAnimationUITests.release.xcconfig"; sourceTree = "<group>"; };
		7FB6532F25796AE2000663EA /* SampleAnimation.app */ = {isa = PBXFileReference; explicitFileType = wrapper.application; includeInIndex = 0; path = SampleAnimation.app; sourceTree = BUILT_PRODUCTS_DIR; };
		7FB6533225796AE2000663EA /* AppDelegate.swift */ = {isa = PBXFileReference; lastKnownFileType = sourcecode.swift; path = AppDelegate.swift; sourceTree = "<group>"; };
		7FB6533B25796AE4000663EA /* Assets.xcassets */ = {isa = PBXFileReference; lastKnownFileType = folder.assetcatalog; path = Assets.xcassets; sourceTree = "<group>"; };
		7FB6533E25796AE4000663EA /* Base */ = {isa = PBXFileReference; lastKnownFileType = file.storyboard; name = Base; path = Base.lproj/LaunchScreen.storyboard; sourceTree = "<group>"; };
		7FB6534025796AE4000663EA /* Info.plist */ = {isa = PBXFileReference; lastKnownFileType = text.plist.xml; path = Info.plist; sourceTree = "<group>"; };
		7FB6534525796AE4000663EA /* SampleAnimationTests.xctest */ = {isa = PBXFileReference; explicitFileType = wrapper.cfbundle; includeInIndex = 0; path = SampleAnimationTests.xctest; sourceTree = BUILT_PRODUCTS_DIR; };
		7FB6534925796AE4000663EA /* SampleAnimationTests.swift */ = {isa = PBXFileReference; lastKnownFileType = sourcecode.swift; path = SampleAnimationTests.swift; sourceTree = "<group>"; };
		7FB6534B25796AE4000663EA /* Info.plist */ = {isa = PBXFileReference; lastKnownFileType = text.plist.xml; path = Info.plist; sourceTree = "<group>"; };
		7FB6535025796AE4000663EA /* SampleAnimationUITests.xctest */ = {isa = PBXFileReference; explicitFileType = wrapper.cfbundle; includeInIndex = 0; path = SampleAnimationUITests.xctest; sourceTree = BUILT_PRODUCTS_DIR; };
		7FB6535425796AE4000663EA /* SampleAnimationUITests.swift */ = {isa = PBXFileReference; lastKnownFileType = sourcecode.swift; path = SampleAnimationUITests.swift; sourceTree = "<group>"; };
		7FB6535625796AE4000663EA /* Info.plist */ = {isa = PBXFileReference; lastKnownFileType = text.plist.xml; path = Info.plist; sourceTree = "<group>"; };
		7FB6536525796B45000663EA /* MainViewController.swift */ = {isa = PBXFileReference; lastKnownFileType = sourcecode.swift; path = MainViewController.swift; sourceTree = "<group>"; };
		7FB6536E25796CCB000663EA /* UITableViewController+Extensions.swift */ = {isa = PBXFileReference; lastKnownFileType = sourcecode.swift; path = "UITableViewController+Extensions.swift"; sourceTree = "<group>"; };
		7FB6537625796CDE000663EA /* UITableViewCell+Extensions.swift */ = {isa = PBXFileReference; lastKnownFileType = sourcecode.swift; path = "UITableViewCell+Extensions.swift"; sourceTree = "<group>"; };
		7FB6537F25796EF6000663EA /* MainViewCell.swift */ = {isa = PBXFileReference; lastKnownFileType = sourcecode.swift; path = MainViewCell.swift; sourceTree = "<group>"; };
		7FB653912579741F000663EA /* MainCellViewModel.swift */ = {isa = PBXFileReference; lastKnownFileType = sourcecode.swift; path = MainCellViewModel.swift; sourceTree = "<group>"; };
		7FB6539625797472000663EA /* UIView+Extensions.swift */ = {isa = PBXFileReference; lastKnownFileType = sourcecode.swift; path = "UIView+Extensions.swift"; sourceTree = "<group>"; };
		7FB653AE25798D02000663EA /* PresentAnimation.swift */ = {isa = PBXFileReference; lastKnownFileType = sourcecode.swift; path = PresentAnimation.swift; sourceTree = "<group>"; };
		7FB653B42579938E000663EA /* DetailsController.swift */ = {isa = PBXFileReference; lastKnownFileType = sourcecode.swift; path = DetailsController.swift; sourceTree = "<group>"; };
		7FB653BD2579AA29000663EA /* AvatarView.swift */ = {isa = PBXFileReference; lastKnownFileType = sourcecode.swift; path = AvatarView.swift; sourceTree = "<group>"; };
		7FB653C8257A14F0000663EA /* RandomViewModelsGenerator.swift */ = {isa = PBXFileReference; lastKnownFileType = sourcecode.swift; path = RandomViewModelsGenerator.swift; sourceTree = "<group>"; };
		7FB653FC257A5822000663EA /* ActivityView.swift */ = {isa = PBXFileReference; lastKnownFileType = sourcecode.swift; path = ActivityView.swift; sourceTree = "<group>"; };
		83B246472E7FDB777B2BFB57 /* Pods_SampleAnimation_SampleAnimationUITests.framework */ = {isa = PBXFileReference; explicitFileType = wrapper.framework; includeInIndex = 0; path = Pods_SampleAnimation_SampleAnimationUITests.framework; sourceTree = BUILT_PRODUCTS_DIR; };
		9D3C37D6EFA95E8FC9CFEB80 /* Pods-SampleAnimation.debug.xcconfig */ = {isa = PBXFileReference; includeInIndex = 1; lastKnownFileType = text.xcconfig; name = "Pods-SampleAnimation.debug.xcconfig"; path = "Target Support Files/Pods-SampleAnimation/Pods-SampleAnimation.debug.xcconfig"; sourceTree = "<group>"; };
		B6B274C7FC8CFDD463430BF8 /* Pods-SampleAnimation.release.xcconfig */ = {isa = PBXFileReference; includeInIndex = 1; lastKnownFileType = text.xcconfig; name = "Pods-SampleAnimation.release.xcconfig"; path = "Target Support Files/Pods-SampleAnimation/Pods-SampleAnimation.release.xcconfig"; sourceTree = "<group>"; };
		D7C8A8846C4C99D636AC1B67 /* Pods_SampleAnimationTests.framework */ = {isa = PBXFileReference; explicitFileType = wrapper.framework; includeInIndex = 0; path = Pods_SampleAnimationTests.framework; sourceTree = BUILT_PRODUCTS_DIR; };
		E3D53067FDEABFA5CDA20D17 /* Pods-SampleAnimationTests.debug.xcconfig */ = {isa = PBXFileReference; includeInIndex = 1; lastKnownFileType = text.xcconfig; name = "Pods-SampleAnimationTests.debug.xcconfig"; path = "Target Support Files/Pods-SampleAnimationTests/Pods-SampleAnimationTests.debug.xcconfig"; sourceTree = "<group>"; };
		EEDBB8089EB32E2C6B194EE3 /* Pods-SampleAnimationTests.release.xcconfig */ = {isa = PBXFileReference; includeInIndex = 1; lastKnownFileType = text.xcconfig; name = "Pods-SampleAnimationTests.release.xcconfig"; path = "Target Support Files/Pods-SampleAnimationTests/Pods-SampleAnimationTests.release.xcconfig"; sourceTree = "<group>"; };
/* End PBXFileReference section */

/* Begin PBXFrameworksBuildPhase section */
		7FB6532C25796AE2000663EA /* Frameworks */ = {
			isa = PBXFrameworksBuildPhase;
			buildActionMask = 2147483647;
			files = (
				8EC95D9BFD144866E8683CFF /* Pods_SampleAnimation.framework in Frameworks */,
			);
			runOnlyForDeploymentPostprocessing = 0;
		};
		7FB6534225796AE4000663EA /* Frameworks */ = {
			isa = PBXFrameworksBuildPhase;
			buildActionMask = 2147483647;
			files = (
				92EEBDB748E81D9A899DE873 /* Pods_SampleAnimationTests.framework in Frameworks */,
			);
			runOnlyForDeploymentPostprocessing = 0;
		};
		7FB6534D25796AE4000663EA /* Frameworks */ = {
			isa = PBXFrameworksBuildPhase;
			buildActionMask = 2147483647;
			files = (
				ACACF2D2971794BE22798FBF /* Pods_SampleAnimation_SampleAnimationUITests.framework in Frameworks */,
			);
			runOnlyForDeploymentPostprocessing = 0;
		};
/* End PBXFrameworksBuildPhase section */

/* Begin PBXGroup section */
		4B7F85202D373D5E47D1CA25 /* Frameworks */ = {
			isa = PBXGroup;
			children = (
				4D1337A73710752A44EB5721 /* Pods_SampleAnimation.framework */,
				83B246472E7FDB777B2BFB57 /* Pods_SampleAnimation_SampleAnimationUITests.framework */,
				D7C8A8846C4C99D636AC1B67 /* Pods_SampleAnimationTests.framework */,
			);
			name = Frameworks;
			sourceTree = "<group>";
		};
		654F4B74634F0F925606CBCA /* Pods */ = {
			isa = PBXGroup;
			children = (
				9D3C37D6EFA95E8FC9CFEB80 /* Pods-SampleAnimation.debug.xcconfig */,
				B6B274C7FC8CFDD463430BF8 /* Pods-SampleAnimation.release.xcconfig */,
				63B52696CF50513E70E8E8F2 /* Pods-SampleAnimation-SampleAnimationUITests.debug.xcconfig */,
				7F7BC718CF6BCAB121B8A71A /* Pods-SampleAnimation-SampleAnimationUITests.release.xcconfig */,
				E3D53067FDEABFA5CDA20D17 /* Pods-SampleAnimationTests.debug.xcconfig */,
				EEDBB8089EB32E2C6B194EE3 /* Pods-SampleAnimationTests.release.xcconfig */,
			);
			path = Pods;
			sourceTree = "<group>";
		};
		7FB6532625796AE2000663EA = {
			isa = PBXGroup;
			children = (
				7FB6533125796AE2000663EA /* SampleAnimation */,
				7FB6534825796AE4000663EA /* SampleAnimationTests */,
				7FB6535325796AE4000663EA /* SampleAnimationUITests */,
				7FB6533025796AE2000663EA /* Products */,
				654F4B74634F0F925606CBCA /* Pods */,
				4B7F85202D373D5E47D1CA25 /* Frameworks */,
			);
			sourceTree = "<group>";
		};
		7FB6533025796AE2000663EA /* Products */ = {
			isa = PBXGroup;
			children = (
				7FB6532F25796AE2000663EA /* SampleAnimation.app */,
				7FB6534525796AE4000663EA /* SampleAnimationTests.xctest */,
				7FB6535025796AE4000663EA /* SampleAnimationUITests.xctest */,
			);
			name = Products;
			sourceTree = "<group>";
		};
		7FB6533125796AE2000663EA /* SampleAnimation */ = {
			isa = PBXGroup;
			children = (
				7FB653BC2579AA1C000663EA /* Views */,
				7FB653B325798F80000663EA /* DetailsController */,
				7FB653AD25798CED000663EA /* Utitities */,
				7FB6537B25796EAB000663EA /* MainViewController */,
				7FB6536D25796CB4000663EA /* Extensions */,
				7FB6533225796AE2000663EA /* AppDelegate.swift */,
				7FB6533B25796AE4000663EA /* Assets.xcassets */,
				7FB6533D25796AE4000663EA /* LaunchScreen.storyboard */,
				7FB6534025796AE4000663EA /* Info.plist */,
			);
			path = SampleAnimation;
			sourceTree = "<group>";
		};
		7FB6534825796AE4000663EA /* SampleAnimationTests */ = {
			isa = PBXGroup;
			children = (
				7FB6534925796AE4000663EA /* SampleAnimationTests.swift */,
				7FB6534B25796AE4000663EA /* Info.plist */,
			);
			path = SampleAnimationTests;
			sourceTree = "<group>";
		};
		7FB6535325796AE4000663EA /* SampleAnimationUITests */ = {
			isa = PBXGroup;
			children = (
				7FB6535425796AE4000663EA /* SampleAnimationUITests.swift */,
				7FB6535625796AE4000663EA /* Info.plist */,
			);
			path = SampleAnimationUITests;
			sourceTree = "<group>";
		};
		7FB6536D25796CB4000663EA /* Extensions */ = {
			isa = PBXGroup;
			children = (
				7FB6536E25796CCB000663EA /* UITableViewController+Extensions.swift */,
				7FB6537625796CDE000663EA /* UITableViewCell+Extensions.swift */,
				7FB6539625797472000663EA /* UIView+Extensions.swift */,
			);
			path = Extensions;
			sourceTree = "<group>";
		};
		7FB6537B25796EAB000663EA /* MainViewController */ = {
			isa = PBXGroup;
			children = (
				7FB6536525796B45000663EA /* MainViewController.swift */,
				7FB6537F25796EF6000663EA /* MainViewCell.swift */,
				7FB653912579741F000663EA /* MainCellViewModel.swift */,
			);
			path = MainViewController;
			sourceTree = "<group>";
		};
		7FB653AD25798CED000663EA /* Utitities */ = {
			isa = PBXGroup;
			children = (
				7FB653AE25798D02000663EA /* PresentAnimation.swift */,
				7FB653C8257A14F0000663EA /* RandomViewModelsGenerator.swift */,
			);
			path = Utitities;
			sourceTree = "<group>";
		};
		7FB653B325798F80000663EA /* DetailsController */ = {
			isa = PBXGroup;
			children = (
				7FB653B42579938E000663EA /* DetailsController.swift */,
			);
			path = DetailsController;
			sourceTree = "<group>";
		};
		7FB653BC2579AA1C000663EA /* Views */ = {
			isa = PBXGroup;
			children = (
				7FB653BD2579AA29000663EA /* AvatarView.swift */,
				7FB653FC257A5822000663EA /* ActivityView.swift */,
			);
			path = Views;
			sourceTree = "<group>";
		};
/* End PBXGroup section */

/* Begin PBXNativeTarget section */
		7FB6532E25796AE2000663EA /* SampleAnimation */ = {
			isa = PBXNativeTarget;
			buildConfigurationList = 7FB6535925796AE4000663EA /* Build configuration list for PBXNativeTarget "SampleAnimation" */;
			buildPhases = (
				CFA062ABB3B8ABCF647B3F3B /* [CP] Check Pods Manifest.lock */,
				7FB6532B25796AE2000663EA /* Sources */,
				7FB6532C25796AE2000663EA /* Frameworks */,
				7FB6532D25796AE2000663EA /* Resources */,
				BBB775E177C16006025BDA03 /* [CP] Embed Pods Frameworks */,
			);
			buildRules = (
			);
			dependencies = (
			);
			name = SampleAnimation;
			productName = SampleAnimation;
			productReference = 7FB6532F25796AE2000663EA /* SampleAnimation.app */;
			productType = "com.apple.product-type.application";
		};
		7FB6534425796AE4000663EA /* SampleAnimationTests */ = {
			isa = PBXNativeTarget;
			buildConfigurationList = 7FB6535C25796AE4000663EA /* Build configuration list for PBXNativeTarget "SampleAnimationTests" */;
			buildPhases = (
				0B11CD175D2DF3B9A674C301 /* [CP] Check Pods Manifest.lock */,
				7FB6534125796AE4000663EA /* Sources */,
				7FB6534225796AE4000663EA /* Frameworks */,
				7FB6534325796AE4000663EA /* Resources */,
			);
			buildRules = (
			);
			dependencies = (
				7FB6534725796AE4000663EA /* PBXTargetDependency */,
			);
			name = SampleAnimationTests;
			productName = SampleAnimationTests;
			productReference = 7FB6534525796AE4000663EA /* SampleAnimationTests.xctest */;
			productType = "com.apple.product-type.bundle.unit-test";
		};
		7FB6534F25796AE4000663EA /* SampleAnimationUITests */ = {
			isa = PBXNativeTarget;
			buildConfigurationList = 7FB6535F25796AE4000663EA /* Build configuration list for PBXNativeTarget "SampleAnimationUITests" */;
			buildPhases = (
				BD66938F3E9ADBFE103168F6 /* [CP] Check Pods Manifest.lock */,
				7FB6534C25796AE4000663EA /* Sources */,
				7FB6534D25796AE4000663EA /* Frameworks */,
				7FB6534E25796AE4000663EA /* Resources */,
				EE36C65C8E07FBC1E65FFB76 /* [CP] Embed Pods Frameworks */,
			);
			buildRules = (
			);
			dependencies = (
				7FB6535225796AE4000663EA /* PBXTargetDependency */,
			);
			name = SampleAnimationUITests;
			productName = SampleAnimationUITests;
			productReference = 7FB6535025796AE4000663EA /* SampleAnimationUITests.xctest */;
			productType = "com.apple.product-type.bundle.ui-testing";
		};
/* End PBXNativeTarget section */

/* Begin PBXProject section */
		7FB6532725796AE2000663EA /* Project object */ = {
			isa = PBXProject;
			attributes = {
				LastSwiftUpdateCheck = 1220;
				LastUpgradeCheck = 1220;
				TargetAttributes = {
					7FB6532E25796AE2000663EA = {
						CreatedOnToolsVersion = 12.2;
					};
					7FB6534425796AE4000663EA = {
						CreatedOnToolsVersion = 12.2;
						TestTargetID = 7FB6532E25796AE2000663EA;
					};
					7FB6534F25796AE4000663EA = {
						CreatedOnToolsVersion = 12.2;
						TestTargetID = 7FB6532E25796AE2000663EA;
					};
				};
			};
			buildConfigurationList = 7FB6532A25796AE2000663EA /* Build configuration list for PBXProject "SampleAnimation" */;
			compatibilityVersion = "Xcode 9.3";
			developmentRegion = en;
			hasScannedForEncodings = 0;
			knownRegions = (
				en,
				Base,
			);
			mainGroup = 7FB6532625796AE2000663EA;
			productRefGroup = 7FB6533025796AE2000663EA /* Products */;
			projectDirPath = "";
			projectRoot = "";
			targets = (
				7FB6532E25796AE2000663EA /* SampleAnimation */,
				7FB6534425796AE4000663EA /* SampleAnimationTests */,
				7FB6534F25796AE4000663EA /* SampleAnimationUITests */,
			);
		};
/* End PBXProject section */

/* Begin PBXResourcesBuildPhase section */
		7FB6532D25796AE2000663EA /* Resources */ = {
			isa = PBXResourcesBuildPhase;
			buildActionMask = 2147483647;
			files = (
				7FB6533F25796AE4000663EA /* LaunchScreen.storyboard in Resources */,
				7FB6533C25796AE4000663EA /* Assets.xcassets in Resources */,
			);
			runOnlyForDeploymentPostprocessing = 0;
		};
		7FB6534325796AE4000663EA /* Resources */ = {
			isa = PBXResourcesBuildPhase;
			buildActionMask = 2147483647;
			files = (
			);
			runOnlyForDeploymentPostprocessing = 0;
		};
		7FB6534E25796AE4000663EA /* Resources */ = {
			isa = PBXResourcesBuildPhase;
			buildActionMask = 2147483647;
			files = (
			);
			runOnlyForDeploymentPostprocessing = 0;
		};
/* End PBXResourcesBuildPhase section */

/* Begin PBXShellScriptBuildPhase section */
		0B11CD175D2DF3B9A674C301 /* [CP] Check Pods Manifest.lock */ = {
			isa = PBXShellScriptBuildPhase;
			buildActionMask = 2147483647;
			files = (
			);
			inputFileListPaths = (
			);
			inputPaths = (
				"${PODS_PODFILE_DIR_PATH}/Podfile.lock",
				"${PODS_ROOT}/Manifest.lock",
			);
			name = "[CP] Check Pods Manifest.lock";
			outputFileListPaths = (
			);
			outputPaths = (
				"$(DERIVED_FILE_DIR)/Pods-SampleAnimationTests-checkManifestLockResult.txt",
			);
			runOnlyForDeploymentPostprocessing = 0;
			shellPath = /bin/sh;
			shellScript = "diff \"${PODS_PODFILE_DIR_PATH}/Podfile.lock\" \"${PODS_ROOT}/Manifest.lock\" > /dev/null\nif [ $? != 0 ] ; then\n    # print error to STDERR\n    echo \"error: The sandbox is not in sync with the Podfile.lock. Run 'pod install' or update your CocoaPods installation.\" >&2\n    exit 1\nfi\n# This output is used by Xcode 'outputs' to avoid re-running this script phase.\necho \"SUCCESS\" > \"${SCRIPT_OUTPUT_FILE_0}\"\n";
			showEnvVarsInLog = 0;
		};
		BBB775E177C16006025BDA03 /* [CP] Embed Pods Frameworks */ = {
			isa = PBXShellScriptBuildPhase;
			buildActionMask = 2147483647;
			files = (
			);
			inputFileListPaths = (
				"${PODS_ROOT}/Target Support Files/Pods-SampleAnimation/Pods-SampleAnimation-frameworks-${CONFIGURATION}-input-files.xcfilelist",
			);
			name = "[CP] Embed Pods Frameworks";
			outputFileListPaths = (
				"${PODS_ROOT}/Target Support Files/Pods-SampleAnimation/Pods-SampleAnimation-frameworks-${CONFIGURATION}-output-files.xcfilelist",
			);
			runOnlyForDeploymentPostprocessing = 0;
			shellPath = /bin/sh;
			shellScript = "\"${PODS_ROOT}/Target Support Files/Pods-SampleAnimation/Pods-SampleAnimation-frameworks.sh\"\n";
			showEnvVarsInLog = 0;
		};
		BD66938F3E9ADBFE103168F6 /* [CP] Check Pods Manifest.lock */ = {
			isa = PBXShellScriptBuildPhase;
			buildActionMask = 2147483647;
			files = (
			);
			inputFileListPaths = (
			);
			inputPaths = (
				"${PODS_PODFILE_DIR_PATH}/Podfile.lock",
				"${PODS_ROOT}/Manifest.lock",
			);
			name = "[CP] Check Pods Manifest.lock";
			outputFileListPaths = (
			);
			outputPaths = (
				"$(DERIVED_FILE_DIR)/Pods-SampleAnimation-SampleAnimationUITests-checkManifestLockResult.txt",
			);
			runOnlyForDeploymentPostprocessing = 0;
			shellPath = /bin/sh;
			shellScript = "diff \"${PODS_PODFILE_DIR_PATH}/Podfile.lock\" \"${PODS_ROOT}/Manifest.lock\" > /dev/null\nif [ $? != 0 ] ; then\n    # print error to STDERR\n    echo \"error: The sandbox is not in sync with the Podfile.lock. Run 'pod install' or update your CocoaPods installation.\" >&2\n    exit 1\nfi\n# This output is used by Xcode 'outputs' to avoid re-running this script phase.\necho \"SUCCESS\" > \"${SCRIPT_OUTPUT_FILE_0}\"\n";
			showEnvVarsInLog = 0;
		};
		CFA062ABB3B8ABCF647B3F3B /* [CP] Check Pods Manifest.lock */ = {
			isa = PBXShellScriptBuildPhase;
			buildActionMask = 2147483647;
			files = (
			);
			inputFileListPaths = (
			);
			inputPaths = (
				"${PODS_PODFILE_DIR_PATH}/Podfile.lock",
				"${PODS_ROOT}/Manifest.lock",
			);
			name = "[CP] Check Pods Manifest.lock";
			outputFileListPaths = (
			);
			outputPaths = (
				"$(DERIVED_FILE_DIR)/Pods-SampleAnimation-checkManifestLockResult.txt",
			);
			runOnlyForDeploymentPostprocessing = 0;
			shellPath = /bin/sh;
			shellScript = "diff \"${PODS_PODFILE_DIR_PATH}/Podfile.lock\" \"${PODS_ROOT}/Manifest.lock\" > /dev/null\nif [ $? != 0 ] ; then\n    # print error to STDERR\n    echo \"error: The sandbox is not in sync with the Podfile.lock. Run 'pod install' or update your CocoaPods installation.\" >&2\n    exit 1\nfi\n# This output is used by Xcode 'outputs' to avoid re-running this script phase.\necho \"SUCCESS\" > \"${SCRIPT_OUTPUT_FILE_0}\"\n";
			showEnvVarsInLog = 0;
		};
		EE36C65C8E07FBC1E65FFB76 /* [CP] Embed Pods Frameworks */ = {
			isa = PBXShellScriptBuildPhase;
			buildActionMask = 2147483647;
			files = (
			);
			inputFileListPaths = (
				"${PODS_ROOT}/Target Support Files/Pods-SampleAnimation-SampleAnimationUITests/Pods-SampleAnimation-SampleAnimationUITests-frameworks-${CONFIGURATION}-input-files.xcfilelist",
			);
			name = "[CP] Embed Pods Frameworks";
			outputFileListPaths = (
				"${PODS_ROOT}/Target Support Files/Pods-SampleAnimation-SampleAnimationUITests/Pods-SampleAnimation-SampleAnimationUITests-frameworks-${CONFIGURATION}-output-files.xcfilelist",
			);
			runOnlyForDeploymentPostprocessing = 0;
			shellPath = /bin/sh;
			shellScript = "\"${PODS_ROOT}/Target Support Files/Pods-SampleAnimation-SampleAnimationUITests/Pods-SampleAnimation-SampleAnimationUITests-frameworks.sh\"\n";
			showEnvVarsInLog = 0;
		};
/* End PBXShellScriptBuildPhase section */

/* Begin PBXSourcesBuildPhase section */
		7FB6532B25796AE2000663EA /* Sources */ = {
			isa = PBXSourcesBuildPhase;
			buildActionMask = 2147483647;
			files = (
				7FB653C9257A14F0000663EA /* RandomViewModelsGenerator.swift in Sources */,
				7FB6539725797472000663EA /* UIView+Extensions.swift in Sources */,
				7FB653B52579938E000663EA /* DetailsController.swift in Sources */,
				7FB6538025796EF6000663EA /* MainViewCell.swift in Sources */,
				7FB653BE2579AA29000663EA /* AvatarView.swift in Sources */,
				7FB653FD257A5822000663EA /* ActivityView.swift in Sources */,
				7FB6533325796AE2000663EA /* AppDelegate.swift in Sources */,
				7FB653AF25798D02000663EA /* PresentAnimation.swift in Sources */,
				7FB6536F25796CCB000663EA /* UITableViewController+Extensions.swift in Sources */,
				7FB6537725796CDE000663EA /* UITableViewCell+Extensions.swift in Sources */,
				7FB6536625796B45000663EA /* MainViewController.swift in Sources */,
				7FB653922579741F000663EA /* MainCellViewModel.swift in Sources */,
			);
			runOnlyForDeploymentPostprocessing = 0;
		};
		7FB6534125796AE4000663EA /* Sources */ = {
			isa = PBXSourcesBuildPhase;
			buildActionMask = 2147483647;
			files = (
				7FB6534A25796AE4000663EA /* SampleAnimationTests.swift in Sources */,
			);
			runOnlyForDeploymentPostprocessing = 0;
		};
		7FB6534C25796AE4000663EA /* Sources */ = {
			isa = PBXSourcesBuildPhase;
			buildActionMask = 2147483647;
			files = (
				7FB6535525796AE4000663EA /* SampleAnimationUITests.swift in Sources */,
			);
			runOnlyForDeploymentPostprocessing = 0;
		};
/* End PBXSourcesBuildPhase section */

/* Begin PBXTargetDependency section */
		7FB6534725796AE4000663EA /* PBXTargetDependency */ = {
			isa = PBXTargetDependency;
			target = 7FB6532E25796AE2000663EA /* SampleAnimation */;
			targetProxy = 7FB6534625796AE4000663EA /* PBXContainerItemProxy */;
		};
		7FB6535225796AE4000663EA /* PBXTargetDependency */ = {
			isa = PBXTargetDependency;
			target = 7FB6532E25796AE2000663EA /* SampleAnimation */;
			targetProxy = 7FB6535125796AE4000663EA /* PBXContainerItemProxy */;
		};
/* End PBXTargetDependency section */

/* Begin PBXVariantGroup section */
		7FB6533D25796AE4000663EA /* LaunchScreen.storyboard */ = {
			isa = PBXVariantGroup;
			children = (
				7FB6533E25796AE4000663EA /* Base */,
			);
			name = LaunchScreen.storyboard;
			sourceTree = "<group>";
		};
/* End PBXVariantGroup section */

/* Begin XCBuildConfiguration section */
		7FB6535725796AE4000663EA /* Debug */ = {
			isa = XCBuildConfiguration;
			buildSettings = {
				ALWAYS_SEARCH_USER_PATHS = NO;
				CLANG_ANALYZER_NONNULL = YES;
				CLANG_ANALYZER_NUMBER_OBJECT_CONVERSION = YES_AGGRESSIVE;
				CLANG_CXX_LANGUAGE_STANDARD = "gnu++14";
				CLANG_CXX_LIBRARY = "libc++";
				CLANG_ENABLE_MODULES = YES;
				CLANG_ENABLE_OBJC_ARC = YES;
				CLANG_ENABLE_OBJC_WEAK = YES;
				CLANG_WARN_BLOCK_CAPTURE_AUTORELEASING = YES;
				CLANG_WARN_BOOL_CONVERSION = YES;
				CLANG_WARN_COMMA = YES;
				CLANG_WARN_CONSTANT_CONVERSION = YES;
				CLANG_WARN_DEPRECATED_OBJC_IMPLEMENTATIONS = YES;
				CLANG_WARN_DIRECT_OBJC_ISA_USAGE = YES_ERROR;
				CLANG_WARN_DOCUMENTATION_COMMENTS = YES;
				CLANG_WARN_EMPTY_BODY = YES;
				CLANG_WARN_ENUM_CONVERSION = YES;
				CLANG_WARN_INFINITE_RECURSION = YES;
				CLANG_WARN_INT_CONVERSION = YES;
				CLANG_WARN_NON_LITERAL_NULL_CONVERSION = YES;
				CLANG_WARN_OBJC_IMPLICIT_RETAIN_SELF = YES;
				CLANG_WARN_OBJC_LITERAL_CONVERSION = YES;
				CLANG_WARN_OBJC_ROOT_CLASS = YES_ERROR;
				CLANG_WARN_QUOTED_INCLUDE_IN_FRAMEWORK_HEADER = YES;
				CLANG_WARN_RANGE_LOOP_ANALYSIS = YES;
				CLANG_WARN_STRICT_PROTOTYPES = YES;
				CLANG_WARN_SUSPICIOUS_MOVE = YES;
				CLANG_WARN_UNGUARDED_AVAILABILITY = YES_AGGRESSIVE;
				CLANG_WARN_UNREACHABLE_CODE = YES;
				CLANG_WARN__DUPLICATE_METHOD_MATCH = YES;
				COPY_PHASE_STRIP = NO;
				DEBUG_INFORMATION_FORMAT = dwarf;
				ENABLE_STRICT_OBJC_MSGSEND = YES;
				ENABLE_TESTABILITY = YES;
				GCC_C_LANGUAGE_STANDARD = gnu11;
				GCC_DYNAMIC_NO_PIC = NO;
				GCC_NO_COMMON_BLOCKS = YES;
				GCC_OPTIMIZATION_LEVEL = 0;
				GCC_PREPROCESSOR_DEFINITIONS = (
					"DEBUG=1",
					"$(inherited)",
				);
				GCC_WARN_64_TO_32_BIT_CONVERSION = YES;
				GCC_WARN_ABOUT_RETURN_TYPE = YES_ERROR;
				GCC_WARN_UNDECLARED_SELECTOR = YES;
				GCC_WARN_UNINITIALIZED_AUTOS = YES_AGGRESSIVE;
				GCC_WARN_UNUSED_FUNCTION = YES;
				GCC_WARN_UNUSED_VARIABLE = YES;
				IPHONEOS_DEPLOYMENT_TARGET = 14.2;
				MTL_ENABLE_DEBUG_INFO = INCLUDE_SOURCE;
				MTL_FAST_MATH = YES;
				ONLY_ACTIVE_ARCH = YES;
				SDKROOT = iphoneos;
				SWIFT_ACTIVE_COMPILATION_CONDITIONS = DEBUG;
				SWIFT_OPTIMIZATION_LEVEL = "-Onone";
			};
			name = Debug;
		};
		7FB6535825796AE4000663EA /* Release */ = {
			isa = XCBuildConfiguration;
			buildSettings = {
				ALWAYS_SEARCH_USER_PATHS = NO;
				CLANG_ANALYZER_NONNULL = YES;
				CLANG_ANALYZER_NUMBER_OBJECT_CONVERSION = YES_AGGRESSIVE;
				CLANG_CXX_LANGUAGE_STANDARD = "gnu++14";
				CLANG_CXX_LIBRARY = "libc++";
				CLANG_ENABLE_MODULES = YES;
				CLANG_ENABLE_OBJC_ARC = YES;
				CLANG_ENABLE_OBJC_WEAK = YES;
				CLANG_WARN_BLOCK_CAPTURE_AUTORELEASING = YES;
				CLANG_WARN_BOOL_CONVERSION = YES;
				CLANG_WARN_COMMA = YES;
				CLANG_WARN_CONSTANT_CONVERSION = YES;
				CLANG_WARN_DEPRECATED_OBJC_IMPLEMENTATIONS = YES;
				CLANG_WARN_DIRECT_OBJC_ISA_USAGE = YES_ERROR;
				CLANG_WARN_DOCUMENTATION_COMMENTS = YES;
				CLANG_WARN_EMPTY_BODY = YES;
				CLANG_WARN_ENUM_CONVERSION = YES;
				CLANG_WARN_INFINITE_RECURSION = YES;
				CLANG_WARN_INT_CONVERSION = YES;
				CLANG_WARN_NON_LITERAL_NULL_CONVERSION = YES;
				CLANG_WARN_OBJC_IMPLICIT_RETAIN_SELF = YES;
				CLANG_WARN_OBJC_LITERAL_CONVERSION = YES;
				CLANG_WARN_OBJC_ROOT_CLASS = YES_ERROR;
				CLANG_WARN_QUOTED_INCLUDE_IN_FRAMEWORK_HEADER = YES;
				CLANG_WARN_RANGE_LOOP_ANALYSIS = YES;
				CLANG_WARN_STRICT_PROTOTYPES = YES;
				CLANG_WARN_SUSPICIOUS_MOVE = YES;
				CLANG_WARN_UNGUARDED_AVAILABILITY = YES_AGGRESSIVE;
				CLANG_WARN_UNREACHABLE_CODE = YES;
				CLANG_WARN__DUPLICATE_METHOD_MATCH = YES;
				COPY_PHASE_STRIP = NO;
				DEBUG_INFORMATION_FORMAT = "dwarf-with-dsym";
				ENABLE_NS_ASSERTIONS = NO;
				ENABLE_STRICT_OBJC_MSGSEND = YES;
				GCC_C_LANGUAGE_STANDARD = gnu11;
				GCC_NO_COMMON_BLOCKS = YES;
				GCC_WARN_64_TO_32_BIT_CONVERSION = YES;
				GCC_WARN_ABOUT_RETURN_TYPE = YES_ERROR;
				GCC_WARN_UNDECLARED_SELECTOR = YES;
				GCC_WARN_UNINITIALIZED_AUTOS = YES_AGGRESSIVE;
				GCC_WARN_UNUSED_FUNCTION = YES;
				GCC_WARN_UNUSED_VARIABLE = YES;
				IPHONEOS_DEPLOYMENT_TARGET = 14.2;
				MTL_ENABLE_DEBUG_INFO = NO;
				MTL_FAST_MATH = YES;
				SDKROOT = iphoneos;
				SWIFT_COMPILATION_MODE = wholemodule;
				SWIFT_OPTIMIZATION_LEVEL = "-O";
				VALIDATE_PRODUCT = YES;
			};
			name = Release;
		};
		7FB6535A25796AE4000663EA /* Debug */ = {
			isa = XCBuildConfiguration;
			baseConfigurationReference = 9D3C37D6EFA95E8FC9CFEB80 /* Pods-SampleAnimation.debug.xcconfig */;
			buildSettings = {
				ASSETCATALOG_COMPILER_APPICON_NAME = AppIcon;
				ASSETCATALOG_COMPILER_GLOBAL_ACCENT_COLOR_NAME = AccentColor;
				CODE_SIGN_STYLE = Automatic;
				INFOPLIST_FILE = SampleAnimation/Info.plist;
				LD_RUNPATH_SEARCH_PATHS = (
					"$(inherited)",
					"@executable_path/Frameworks",
				);
				PRODUCT_BUNDLE_IDENTIFIER = akaleta.SampleAnimation;
				PRODUCT_NAME = "$(TARGET_NAME)";
				SWIFT_VERSION = 5.0;
				TARGETED_DEVICE_FAMILY = 1;
			};
			name = Debug;
		};
		7FB6535B25796AE4000663EA /* Release */ = {
			isa = XCBuildConfiguration;
			baseConfigurationReference = B6B274C7FC8CFDD463430BF8 /* Pods-SampleAnimation.release.xcconfig */;
			buildSettings = {
				ASSETCATALOG_COMPILER_APPICON_NAME = AppIcon;
				ASSETCATALOG_COMPILER_GLOBAL_ACCENT_COLOR_NAME = AccentColor;
				CODE_SIGN_STYLE = Automatic;
				INFOPLIST_FILE = SampleAnimation/Info.plist;
				LD_RUNPATH_SEARCH_PATHS = (
					"$(inherited)",
					"@executable_path/Frameworks",
				);
				PRODUCT_BUNDLE_IDENTIFIER = akaleta.SampleAnimation;
				PRODUCT_NAME = "$(TARGET_NAME)";
				SWIFT_VERSION = 5.0;
				TARGETED_DEVICE_FAMILY = 1;
			};
			name = Release;
		};
		7FB6535D25796AE4000663EA /* Debug */ = {
			isa = XCBuildConfiguration;
			baseConfigurationReference = E3D53067FDEABFA5CDA20D17 /* Pods-SampleAnimationTests.debug.xcconfig */;
			buildSettings = {
				ALWAYS_EMBED_SWIFT_STANDARD_LIBRARIES = YES;
				BUNDLE_LOADER = "$(TEST_HOST)";
				CODE_SIGN_STYLE = Automatic;
				INFOPLIST_FILE = SampleAnimationTests/Info.plist;
				IPHONEOS_DEPLOYMENT_TARGET = 14.2;
				LD_RUNPATH_SEARCH_PATHS = (
					"$(inherited)",
					"@executable_path/Frameworks",
					"@loader_path/Frameworks",
				);
				PRODUCT_BUNDLE_IDENTIFIER = akaleta.SampleAnimationTests;
				PRODUCT_NAME = "$(TARGET_NAME)";
				SWIFT_VERSION = 5.0;
				TARGETED_DEVICE_FAMILY = "1,2";
				TEST_HOST = "$(BUILT_PRODUCTS_DIR)/SampleAnimation.app/SampleAnimation";
			};
			name = Debug;
		};
		7FB6535E25796AE4000663EA /* Release */ = {
			isa = XCBuildConfiguration;
			baseConfigurationReference = EEDBB8089EB32E2C6B194EE3 /* Pods-SampleAnimationTests.release.xcconfig */;
			buildSettings = {
				ALWAYS_EMBED_SWIFT_STANDARD_LIBRARIES = YES;
				BUNDLE_LOADER = "$(TEST_HOST)";
				CODE_SIGN_STYLE = Automatic;
				INFOPLIST_FILE = SampleAnimationTests/Info.plist;
				IPHONEOS_DEPLOYMENT_TARGET = 14.2;
				LD_RUNPATH_SEARCH_PATHS = (
					"$(inherited)",
					"@executable_path/Frameworks",
					"@loader_path/Frameworks",
				);
				PRODUCT_BUNDLE_IDENTIFIER = akaleta.SampleAnimationTests;
				PRODUCT_NAME = "$(TARGET_NAME)";
				SWIFT_VERSION = 5.0;
				TARGETED_DEVICE_FAMILY = "1,2";
				TEST_HOST = "$(BUILT_PRODUCTS_DIR)/SampleAnimation.app/SampleAnimation";
			};
			name = Release;
		};
		7FB6536025796AE4000663EA /* Debug */ = {
			isa = XCBuildConfiguration;
			baseConfigurationReference = 63B52696CF50513E70E8E8F2 /* Pods-SampleAnimation-SampleAnimationUITests.debug.xcconfig */;
			buildSettings = {
				ALWAYS_EMBED_SWIFT_STANDARD_LIBRARIES = YES;
				CODE_SIGN_STYLE = Automatic;
				INFOPLIST_FILE = SampleAnimationUITests/Info.plist;
				LD_RUNPATH_SEARCH_PATHS = (
					"$(inherited)",
					"@executable_path/Frameworks",
					"@loader_path/Frameworks",
				);
				PRODUCT_BUNDLE_IDENTIFIER = akaleta.SampleAnimationUITests;
				PRODUCT_NAME = "$(TARGET_NAME)";
				SWIFT_VERSION = 5.0;
				TARGETED_DEVICE_FAMILY = "1,2";
				TEST_TARGET_NAME = SampleAnimation;
			};
			name = Debug;
		};
		7FB6536125796AE4000663EA /* Release */ = {
			isa = XCBuildConfiguration;
			baseConfigurationReference = 7F7BC718CF6BCAB121B8A71A /* Pods-SampleAnimation-SampleAnimationUITests.release.xcconfig */;
			buildSettings = {
				ALWAYS_EMBED_SWIFT_STANDARD_LIBRARIES = YES;
				CODE_SIGN_STYLE = Automatic;
				INFOPLIST_FILE = SampleAnimationUITests/Info.plist;
				LD_RUNPATH_SEARCH_PATHS = (
					"$(inherited)",
					"@executable_path/Frameworks",
					"@loader_path/Frameworks",
				);
				PRODUCT_BUNDLE_IDENTIFIER = akaleta.SampleAnimationUITests;
				PRODUCT_NAME = "$(TARGET_NAME)";
				SWIFT_VERSION = 5.0;
				TARGETED_DEVICE_FAMILY = "1,2";
				TEST_TARGET_NAME = SampleAnimation;
			};
			name = Release;
		};
/* End XCBuildConfiguration section */

/* Begin XCConfigurationList section */
		7FB6532A25796AE2000663EA /* Build configuration list for PBXProject "SampleAnimation" */ = {
			isa = XCConfigurationList;
			buildConfigurations = (
				7FB6535725796AE4000663EA /* Debug */,
				7FB6535825796AE4000663EA /* Release */,
			);
			defaultConfigurationIsVisible = 0;
			defaultConfigurationName = Release;
		};
		7FB6535925796AE4000663EA /* Build configuration list for PBXNativeTarget "SampleAnimation" */ = {
			isa = XCConfigurationList;
			buildConfigurations = (
				7FB6535A25796AE4000663EA /* Debug */,
				7FB6535B25796AE4000663EA /* Release */,
			);
			defaultConfigurationIsVisible = 0;
			defaultConfigurationName = Release;
		};
		7FB6535C25796AE4000663EA /* Build configuration list for PBXNativeTarget "SampleAnimationTests" */ = {
			isa = XCConfigurationList;
			buildConfigurations = (
				7FB6535D25796AE4000663EA /* Debug */,
				7FB6535E25796AE4000663EA /* Release */,
			);
			defaultConfigurationIsVisible = 0;
			defaultConfigurationName = Release;
		};
		7FB6535F25796AE4000663EA /* Build configuration list for PBXNativeTarget "SampleAnimationUITests" */ = {
			isa = XCConfigurationList;
			buildConfigurations = (
				7FB6536025796AE4000663EA /* Debug */,
				7FB6536125796AE4000663EA /* Release */,
			);
			defaultConfigurationIsVisible = 0;
			defaultConfigurationName = Release;
		};
/* End XCConfigurationList section */
	};
	rootObject = 7FB6532725796AE2000663EA /* Project object */;
}
